// !$*UTF8*$!
{
	archiveVersion = 1;
	classes = {
	};
	objectVersion = 56;
	objects = {

/* Begin PBXBuildFile section */
		3A9B52BA2BE0E95E00D35F35 /* GameUISettingsService.swift in Sources */ = {isa = PBXBuildFile; fileRef = 3A9B52B92BE0E95E00D35F35 /* GameUISettingsService.swift */; };
		3A9B52BD2BE0EA3E00D35F35 /* AppDI.swift in Sources */ = {isa = PBXBuildFile; fileRef = 3A9B52BC2BE0EA3E00D35F35 /* AppDI.swift */; };
		3A9B52C02BE0EB8500D35F35 /* SettingsView.swift in Sources */ = {isa = PBXBuildFile; fileRef = 3A9B52BF2BE0EB8500D35F35 /* SettingsView.swift */; };
		3A9B52C22BE0EB8F00D35F35 /* SettingsViewModel.swift in Sources */ = {isa = PBXBuildFile; fileRef = 3A9B52C12BE0EB8F00D35F35 /* SettingsViewModel.swift */; };
		3A9B52C52BE0EDB400D35F35 /* UserDefaultWrapper.swift in Sources */ = {isa = PBXBuildFile; fileRef = 3A9B52C42BE0EDB400D35F35 /* UserDefaultWrapper.swift */; };
		3AD288E22BB8727F00744832 /* CardGameApp.swift in Sources */ = {isa = PBXBuildFile; fileRef = 3AD288E12BB8727F00744832 /* CardGameApp.swift */; };
		3AD288E62BB8728100744832 /* Assets.xcassets in Resources */ = {isa = PBXBuildFile; fileRef = 3AD288E52BB8728100744832 /* Assets.xcassets */; };
		3AD288EA2BB8728100744832 /* Preview Assets.xcassets in Resources */ = {isa = PBXBuildFile; fileRef = 3AD288E92BB8728100744832 /* Preview Assets.xcassets */; };
		3AD288F32BB872F000744832 /* MainView.swift in Sources */ = {isa = PBXBuildFile; fileRef = 3AD288F22BB872F000744832 /* MainView.swift */; };
		3AD288F52BB8730C00744832 /* MainViewModel.swift in Sources */ = {isa = PBXBuildFile; fileRef = 3AD288F42BB8730C00744832 /* MainViewModel.swift */; };
		3AD288F92BB8734A00744832 /* GameTableView.swift in Sources */ = {isa = PBXBuildFile; fileRef = 3AD288F82BB8734A00744832 /* GameTableView.swift */; };
		3AD288FB2BB8735F00744832 /* GameTableViewModel.swift in Sources */ = {isa = PBXBuildFile; fileRef = 3AD288FA2BB8735F00744832 /* GameTableViewModel.swift */; };
		3AD288FE2BD58E5700744832 /* MainViewCardsLogo.swift in Sources */ = {isa = PBXBuildFile; fileRef = 3AD288FD2BD58E5700744832 /* MainViewCardsLogo.swift */; };
		3AD289002BD58E7B00744832 /* GameView.swift in Sources */ = {isa = PBXBuildFile; fileRef = 3AD288FF2BD58E7B00744832 /* GameView.swift */; };
		3AD289022BD590C300744832 /* GameStore.swift in Sources */ = {isa = PBXBuildFile; fileRef = 3AD289012BD590C300744832 /* GameStore.swift */; };
		3AD289052BD5913200744832 /* Card.swift in Sources */ = {isa = PBXBuildFile; fileRef = 3AD289042BD5913200744832 /* Card.swift */; };
		3AD289072BD5917200744832 /* Deck.swift in Sources */ = {isa = PBXBuildFile; fileRef = 3AD289062BD5917200744832 /* Deck.swift */; };
		3AD289092BD591A800744832 /* Game.swift in Sources */ = {isa = PBXBuildFile; fileRef = 3AD289082BD591A800744832 /* Game.swift */; };
		3AD2890C2BD591E700744832 /* PileView.swift in Sources */ = {isa = PBXBuildFile; fileRef = 3AD2890B2BD591E700744832 /* PileView.swift */; };
		3AD2890E2BD5920200744832 /* CardView.swift in Sources */ = {isa = PBXBuildFile; fileRef = 3AD2890D2BD5920200744832 /* CardView.swift */; };
/* End PBXBuildFile section */

/* Begin PBXFileReference section */
		3A9B52B92BE0E95E00D35F35 /* GameUISettingsService.swift */ = {isa = PBXFileReference; lastKnownFileType = sourcecode.swift; path = GameUISettingsService.swift; sourceTree = "<group>"; };
		3A9B52BC2BE0EA3E00D35F35 /* AppDI.swift */ = {isa = PBXFileReference; lastKnownFileType = sourcecode.swift; path = AppDI.swift; sourceTree = "<group>"; };
		3A9B52BF2BE0EB8500D35F35 /* SettingsView.swift */ = {isa = PBXFileReference; lastKnownFileType = sourcecode.swift; path = SettingsView.swift; sourceTree = "<group>"; };
		3A9B52C12BE0EB8F00D35F35 /* SettingsViewModel.swift */ = {isa = PBXFileReference; lastKnownFileType = sourcecode.swift; path = SettingsViewModel.swift; sourceTree = "<group>"; };
		3A9B52C42BE0EDB400D35F35 /* UserDefaultWrapper.swift */ = {isa = PBXFileReference; lastKnownFileType = sourcecode.swift; path = UserDefaultWrapper.swift; sourceTree = "<group>"; };
		3AD288DE2BB8727F00744832 /* card game.app */ = {isa = PBXFileReference; explicitFileType = wrapper.application; includeInIndex = 0; path = "card game.app"; sourceTree = BUILT_PRODUCTS_DIR; };
		3AD288E12BB8727F00744832 /* CardGameApp.swift */ = {isa = PBXFileReference; lastKnownFileType = sourcecode.swift; path = CardGameApp.swift; sourceTree = "<group>"; };
		3AD288E52BB8728100744832 /* Assets.xcassets */ = {isa = PBXFileReference; lastKnownFileType = folder.assetcatalog; path = Assets.xcassets; sourceTree = "<group>"; };
		3AD288E72BB8728100744832 /* card_game.entitlements */ = {isa = PBXFileReference; lastKnownFileType = text.plist.entitlements; path = card_game.entitlements; sourceTree = "<group>"; };
		3AD288E92BB8728100744832 /* Preview Assets.xcassets */ = {isa = PBXFileReference; lastKnownFileType = folder.assetcatalog; path = "Preview Assets.xcassets"; sourceTree = "<group>"; };
		3AD288F22BB872F000744832 /* MainView.swift */ = {isa = PBXFileReference; lastKnownFileType = sourcecode.swift; path = MainView.swift; sourceTree = "<group>"; };
		3AD288F42BB8730C00744832 /* MainViewModel.swift */ = {isa = PBXFileReference; lastKnownFileType = sourcecode.swift; path = MainViewModel.swift; sourceTree = "<group>"; };
		3AD288F82BB8734A00744832 /* GameTableView.swift */ = {isa = PBXFileReference; lastKnownFileType = sourcecode.swift; path = GameTableView.swift; sourceTree = "<group>"; };
		3AD288FA2BB8735F00744832 /* GameTableViewModel.swift */ = {isa = PBXFileReference; lastKnownFileType = sourcecode.swift; path = GameTableViewModel.swift; sourceTree = "<group>"; };
		3AD288FD2BD58E5700744832 /* MainViewCardsLogo.swift */ = {isa = PBXFileReference; lastKnownFileType = sourcecode.swift; path = MainViewCardsLogo.swift; sourceTree = "<group>"; };
		3AD288FF2BD58E7B00744832 /* GameView.swift */ = {isa = PBXFileReference; lastKnownFileType = sourcecode.swift; path = GameView.swift; sourceTree = "<group>"; };
		3AD289012BD590C300744832 /* GameStore.swift */ = {isa = PBXFileReference; lastKnownFileType = sourcecode.swift; path = GameStore.swift; sourceTree = "<group>"; };
		3AD289042BD5913200744832 /* Card.swift */ = {isa = PBXFileReference; lastKnownFileType = sourcecode.swift; path = Card.swift; sourceTree = "<group>"; };
		3AD289062BD5917200744832 /* Deck.swift */ = {isa = PBXFileReference; lastKnownFileType = sourcecode.swift; path = Deck.swift; sourceTree = "<group>"; };
		3AD289082BD591A800744832 /* Game.swift */ = {isa = PBXFileReference; lastKnownFileType = sourcecode.swift; path = Game.swift; sourceTree = "<group>"; };
		3AD2890B2BD591E700744832 /* PileView.swift */ = {isa = PBXFileReference; lastKnownFileType = sourcecode.swift; path = PileView.swift; sourceTree = "<group>"; };
		3AD2890D2BD5920200744832 /* CardView.swift */ = {isa = PBXFileReference; lastKnownFileType = sourcecode.swift; path = CardView.swift; sourceTree = "<group>"; };
/* End PBXFileReference section */

/* Begin PBXFrameworksBuildPhase section */
		3AD288DB2BB8727F00744832 /* Frameworks */ = {
			isa = PBXFrameworksBuildPhase;
			buildActionMask = 2147483647;
			files = (
			);
			runOnlyForDeploymentPostprocessing = 0;
		};
/* End PBXFrameworksBuildPhase section */

/* Begin PBXGroup section */
		3A9B52BB2BE0EA3000D35F35 /* DI */ = {
			isa = PBXGroup;
			children = (
				3A9B52BC2BE0EA3E00D35F35 /* AppDI.swift */,
			);
			path = DI;
			sourceTree = "<group>";
		};
		3A9B52BE2BE0EB6A00D35F35 /* Settings */ = {
			isa = PBXGroup;
			children = (
				3A9B52BF2BE0EB8500D35F35 /* SettingsView.swift */,
				3A9B52C12BE0EB8F00D35F35 /* SettingsViewModel.swift */,
			);
			path = Settings;
			sourceTree = "<group>";
		};
		3A9B52C32BE0EDA200D35F35 /* Extension */ = {
			isa = PBXGroup;
			children = (
				3A9B52C42BE0EDB400D35F35 /* UserDefaultWrapper.swift */,
			);
			path = Extension;
			sourceTree = "<group>";
		};
		3AD288D52BB8727F00744832 = {
			isa = PBXGroup;
			children = (
				3AD288E02BB8727F00744832 /* card game */,
				3AD288DF2BB8727F00744832 /* Products */,
			);
			sourceTree = "<group>";
		};
		3AD288DF2BB8727F00744832 /* Products */ = {
			isa = PBXGroup;
			children = (
				3AD288DE2BB8727F00744832 /* card game.app */,
			);
			name = Products;
			sourceTree = "<group>";
		};
		3AD288E02BB8727F00744832 /* card game */ = {
			isa = PBXGroup;
			children = (
				3A9B52C32BE0EDA200D35F35 /* Extension */,
				3A9B52BB2BE0EA3000D35F35 /* DI */,
				3AD289032BD5912400744832 /* Models */,
				3AD288F62BB8732500744832 /* Services */,
				3AD288F02BB872D500744832 /* Modules */,
				3AD288E12BB8727F00744832 /* CardGameApp.swift */,
				3AD288E52BB8728100744832 /* Assets.xcassets */,
				3AD288E72BB8728100744832 /* card_game.entitlements */,
				3AD288E82BB8728100744832 /* Preview Content */,
			);
			path = "card game";
			sourceTree = "<group>";
		};
		3AD288E82BB8728100744832 /* Preview Content */ = {
			isa = PBXGroup;
			children = (
				3AD288E92BB8728100744832 /* Preview Assets.xcassets */,
			);
			path = "Preview Content";
			sourceTree = "<group>";
		};
		3AD288F02BB872D500744832 /* Modules */ = {
			isa = PBXGroup;
			children = (
				3A9B52BE2BE0EB6A00D35F35 /* Settings */,
				3AD288F72BB8733800744832 /* Game */,
				3AD288F12BB872DE00744832 /* Main */,
			);
			path = Modules;
			sourceTree = "<group>";
		};
		3AD288F12BB872DE00744832 /* Main */ = {
			isa = PBXGroup;
			children = (
				3AD288FC2BD58E4D00744832 /* Views */,
				3AD288F22BB872F000744832 /* MainView.swift */,
				3AD288F42BB8730C00744832 /* MainViewModel.swift */,
			);
			path = Main;
			sourceTree = "<group>";
		};
		3AD288F62BB8732500744832 /* Services */ = {
			isa = PBXGroup;
			children = (
				3AD289012BD590C300744832 /* GameStore.swift */,
				3A9B52B92BE0E95E00D35F35 /* GameUISettingsService.swift */,
			);
			path = Services;
			sourceTree = "<group>";
		};
		3AD288F72BB8733800744832 /* Game */ = {
			isa = PBXGroup;
			children = (
				3AD2890A2BD591D100744832 /* Views */,
				3AD288F82BB8734A00744832 /* GameTableView.swift */,
				3AD288FA2BB8735F00744832 /* GameTableViewModel.swift */,
			);
			path = Game;
			sourceTree = "<group>";
		};
		3AD288FC2BD58E4D00744832 /* Views */ = {
			isa = PBXGroup;
			children = (
				3AD288FD2BD58E5700744832 /* MainViewCardsLogo.swift */,
				3AD288FF2BD58E7B00744832 /* GameView.swift */,
			);
			path = Views;
			sourceTree = "<group>";
		};
		3AD289032BD5912400744832 /* Models */ = {
			isa = PBXGroup;
			children = (
				3AD289042BD5913200744832 /* Card.swift */,
				3AD289062BD5917200744832 /* Deck.swift */,
				3AD289082BD591A800744832 /* Game.swift */,
			);
			path = Models;
			sourceTree = "<group>";
		};
		3AD2890A2BD591D100744832 /* Views */ = {
			isa = PBXGroup;
			children = (
				3AD2890B2BD591E700744832 /* PileView.swift */,
				3AD2890D2BD5920200744832 /* CardView.swift */,
			);
			path = Views;
			sourceTree = "<group>";
		};
/* End PBXGroup section */

/* Begin PBXNativeTarget section */
		3AD288DD2BB8727F00744832 /* card game */ = {
			isa = PBXNativeTarget;
			buildConfigurationList = 3AD288ED2BB8728100744832 /* Build configuration list for PBXNativeTarget "card game" */;
			buildPhases = (
				3AD288DA2BB8727F00744832 /* Sources */,
				3AD288DB2BB8727F00744832 /* Frameworks */,
				3AD288DC2BB8727F00744832 /* Resources */,
			);
			buildRules = (
			);
			dependencies = (
			);
			name = "card game";
			productName = "card game";
			productReference = 3AD288DE2BB8727F00744832 /* card game.app */;
			productType = "com.apple.product-type.application";
		};
/* End PBXNativeTarget section */

/* Begin PBXProject section */
		3AD288D62BB8727F00744832 /* Project object */ = {
			isa = PBXProject;
			attributes = {
				BuildIndependentTargetsInParallel = 1;
				LastSwiftUpdateCheck = 1520;
				LastUpgradeCheck = 1520;
				TargetAttributes = {
					3AD288DD2BB8727F00744832 = {
						CreatedOnToolsVersion = 15.2;
					};
				};
			};
			buildConfigurationList = 3AD288D92BB8727F00744832 /* Build configuration list for PBXProject "card game" */;
			compatibilityVersion = "Xcode 14.0";
			developmentRegion = en;
			hasScannedForEncodings = 0;
			knownRegions = (
				en,
				Base,
			);
			mainGroup = 3AD288D52BB8727F00744832;
			productRefGroup = 3AD288DF2BB8727F00744832 /* Products */;
			projectDirPath = "";
			projectRoot = "";
			targets = (
				3AD288DD2BB8727F00744832 /* card game */,
			);
		};
/* End PBXProject section */

/* Begin PBXResourcesBuildPhase section */
		3AD288DC2BB8727F00744832 /* Resources */ = {
			isa = PBXResourcesBuildPhase;
			buildActionMask = 2147483647;
			files = (
				3AD288EA2BB8728100744832 /* Preview Assets.xcassets in Resources */,
				3AD288E62BB8728100744832 /* Assets.xcassets in Resources */,
			);
			runOnlyForDeploymentPostprocessing = 0;
		};
/* End PBXResourcesBuildPhase section */

/* Begin PBXSourcesBuildPhase section */
		3AD288DA2BB8727F00744832 /* Sources */ = {
			isa = PBXSourcesBuildPhase;
			buildActionMask = 2147483647;
			files = (
				3A9B52BA2BE0E95E00D35F35 /* GameUISettingsService.swift in Sources */,
				3AD288FE2BD58E5700744832 /* MainViewCardsLogo.swift in Sources */,
				3AD289052BD5913200744832 /* Card.swift in Sources */,
				3AD2890C2BD591E700744832 /* PileView.swift in Sources */,
				3AD289072BD5917200744832 /* Deck.swift in Sources */,
				3AD289022BD590C300744832 /* GameStore.swift in Sources */,
				3AD288F92BB8734A00744832 /* GameTableView.swift in Sources */,
				3AD288F32BB872F000744832 /* MainView.swift in Sources */,
				3A9B52C22BE0EB8F00D35F35 /* SettingsViewModel.swift in Sources */,
				3AD2890E2BD5920200744832 /* CardView.swift in Sources */,
				3A9B52C02BE0EB8500D35F35 /* SettingsView.swift in Sources */,
				3AD289092BD591A800744832 /* Game.swift in Sources */,
				3A9B52C52BE0EDB400D35F35 /* UserDefaultWrapper.swift in Sources */,
				3AD288E22BB8727F00744832 /* CardGameApp.swift in Sources */,
				3AD288F52BB8730C00744832 /* MainViewModel.swift in Sources */,
				3A9B52BD2BE0EA3E00D35F35 /* AppDI.swift in Sources */,
				3AD288FB2BB8735F00744832 /* GameTableViewModel.swift in Sources */,
				3AD289002BD58E7B00744832 /* GameView.swift in Sources */,
			);
			runOnlyForDeploymentPostprocessing = 0;
		};
/* End PBXSourcesBuildPhase section */

/* Begin XCBuildConfiguration section */
		3AD288EB2BB8728100744832 /* Debug */ = {
			isa = XCBuildConfiguration;
			buildSettings = {
				ALWAYS_SEARCH_USER_PATHS = NO;
				ASSETCATALOG_COMPILER_GENERATE_SWIFT_ASSET_SYMBOL_EXTENSIONS = YES;
				CLANG_ANALYZER_NONNULL = YES;
				CLANG_ANALYZER_NUMBER_OBJECT_CONVERSION = YES_AGGRESSIVE;
				CLANG_CXX_LANGUAGE_STANDARD = "gnu++20";
				CLANG_ENABLE_MODULES = YES;
				CLANG_ENABLE_OBJC_ARC = YES;
				CLANG_ENABLE_OBJC_WEAK = YES;
				CLANG_WARN_BLOCK_CAPTURE_AUTORELEASING = YES;
				CLANG_WARN_BOOL_CONVERSION = YES;
				CLANG_WARN_COMMA = YES;
				CLANG_WARN_CONSTANT_CONVERSION = YES;
				CLANG_WARN_DEPRECATED_OBJC_IMPLEMENTATIONS = YES;
				CLANG_WARN_DIRECT_OBJC_ISA_USAGE = YES_ERROR;
				CLANG_WARN_DOCUMENTATION_COMMENTS = YES;
				CLANG_WARN_EMPTY_BODY = YES;
				CLANG_WARN_ENUM_CONVERSION = YES;
				CLANG_WARN_INFINITE_RECURSION = YES;
				CLANG_WARN_INT_CONVERSION = YES;
				CLANG_WARN_NON_LITERAL_NULL_CONVERSION = YES;
				CLANG_WARN_OBJC_IMPLICIT_RETAIN_SELF = YES;
				CLANG_WARN_OBJC_LITERAL_CONVERSION = YES;
				CLANG_WARN_OBJC_ROOT_CLASS = YES_ERROR;
				CLANG_WARN_QUOTED_INCLUDE_IN_FRAMEWORK_HEADER = YES;
				CLANG_WARN_RANGE_LOOP_ANALYSIS = YES;
				CLANG_WARN_STRICT_PROTOTYPES = YES;
				CLANG_WARN_SUSPICIOUS_MOVE = YES;
				CLANG_WARN_UNGUARDED_AVAILABILITY = YES_AGGRESSIVE;
				CLANG_WARN_UNREACHABLE_CODE = YES;
				CLANG_WARN__DUPLICATE_METHOD_MATCH = YES;
				COPY_PHASE_STRIP = NO;
				DEBUG_INFORMATION_FORMAT = dwarf;
				ENABLE_STRICT_OBJC_MSGSEND = YES;
				ENABLE_TESTABILITY = YES;
				ENABLE_USER_SCRIPT_SANDBOXING = YES;
				GCC_C_LANGUAGE_STANDARD = gnu17;
				GCC_DYNAMIC_NO_PIC = NO;
				GCC_NO_COMMON_BLOCKS = YES;
				GCC_OPTIMIZATION_LEVEL = 0;
				GCC_PREPROCESSOR_DEFINITIONS = (
					"DEBUG=1",
					"$(inherited)",
				);
				GCC_WARN_64_TO_32_BIT_CONVERSION = YES;
				GCC_WARN_ABOUT_RETURN_TYPE = YES_ERROR;
				GCC_WARN_UNDECLARED_SELECTOR = YES;
				GCC_WARN_UNINITIALIZED_AUTOS = YES_AGGRESSIVE;
				GCC_WARN_UNUSED_FUNCTION = YES;
				GCC_WARN_UNUSED_VARIABLE = YES;
				LOCALIZATION_PREFERS_STRING_CATALOGS = YES;
				MTL_ENABLE_DEBUG_INFO = INCLUDE_SOURCE;
				MTL_FAST_MATH = YES;
				ONLY_ACTIVE_ARCH = YES;
				SWIFT_ACTIVE_COMPILATION_CONDITIONS = "DEBUG $(inherited)";
				SWIFT_OPTIMIZATION_LEVEL = "-Onone";
			};
			name = Debug;
		};
		3AD288EC2BB8728100744832 /* Release */ = {
			isa = XCBuildConfiguration;
			buildSettings = {
				ALWAYS_SEARCH_USER_PATHS = NO;
				ASSETCATALOG_COMPILER_GENERATE_SWIFT_ASSET_SYMBOL_EXTENSIONS = YES;
				CLANG_ANALYZER_NONNULL = YES;
				CLANG_ANALYZER_NUMBER_OBJECT_CONVERSION = YES_AGGRESSIVE;
				CLANG_CXX_LANGUAGE_STANDARD = "gnu++20";
				CLANG_ENABLE_MODULES = YES;
				CLANG_ENABLE_OBJC_ARC = YES;
				CLANG_ENABLE_OBJC_WEAK = YES;
				CLANG_WARN_BLOCK_CAPTURE_AUTORELEASING = YES;
				CLANG_WARN_BOOL_CONVERSION = YES;
				CLANG_WARN_COMMA = YES;
				CLANG_WARN_CONSTANT_CONVERSION = YES;
				CLANG_WARN_DEPRECATED_OBJC_IMPLEMENTATIONS = YES;
				CLANG_WARN_DIRECT_OBJC_ISA_USAGE = YES_ERROR;
				CLANG_WARN_DOCUMENTATION_COMMENTS = YES;
				CLANG_WARN_EMPTY_BODY = YES;
				CLANG_WARN_ENUM_CONVERSION = YES;
				CLANG_WARN_INFINITE_RECURSION = YES;
				CLANG_WARN_INT_CONVERSION = YES;
				CLANG_WARN_NON_LITERAL_NULL_CONVERSION = YES;
				CLANG_WARN_OBJC_IMPLICIT_RETAIN_SELF = YES;
				CLANG_WARN_OBJC_LITERAL_CONVERSION = YES;
				CLANG_WARN_OBJC_ROOT_CLASS = YES_ERROR;
				CLANG_WARN_QUOTED_INCLUDE_IN_FRAMEWORK_HEADER = YES;
				CLANG_WARN_RANGE_LOOP_ANALYSIS = YES;
				CLANG_WARN_STRICT_PROTOTYPES = YES;
				CLANG_WARN_SUSPICIOUS_MOVE = YES;
				CLANG_WARN_UNGUARDED_AVAILABILITY = YES_AGGRESSIVE;
				CLANG_WARN_UNREACHABLE_CODE = YES;
				CLANG_WARN__DUPLICATE_METHOD_MATCH = YES;
				COPY_PHASE_STRIP = NO;
				DEBUG_INFORMATION_FORMAT = "dwarf-with-dsym";
				ENABLE_NS_ASSERTIONS = NO;
				ENABLE_STRICT_OBJC_MSGSEND = YES;
				ENABLE_USER_SCRIPT_SANDBOXING = YES;
				GCC_C_LANGUAGE_STANDARD = gnu17;
				GCC_NO_COMMON_BLOCKS = YES;
				GCC_WARN_64_TO_32_BIT_CONVERSION = YES;
				GCC_WARN_ABOUT_RETURN_TYPE = YES_ERROR;
				GCC_WARN_UNDECLARED_SELECTOR = YES;
				GCC_WARN_UNINITIALIZED_AUTOS = YES_AGGRESSIVE;
				GCC_WARN_UNUSED_FUNCTION = YES;
				GCC_WARN_UNUSED_VARIABLE = YES;
				LOCALIZATION_PREFERS_STRING_CATALOGS = YES;
				MTL_ENABLE_DEBUG_INFO = NO;
				MTL_FAST_MATH = YES;
				SWIFT_COMPILATION_MODE = wholemodule;
			};
			name = Release;
		};
		3AD288EE2BB8728100744832 /* Debug */ = {
			isa = XCBuildConfiguration;
			buildSettings = {
				ASSETCATALOG_COMPILER_APPICON_NAME = AppIcon;
				ASSETCATALOG_COMPILER_GLOBAL_ACCENT_COLOR_NAME = AccentColor;
				CODE_SIGN_ENTITLEMENTS = "card game/card_game.entitlements";
				"CODE_SIGN_IDENTITY[sdk=macosx*]" = "-";
				CODE_SIGN_STYLE = Automatic;
				CURRENT_PROJECT_VERSION = 1;
				DEVELOPMENT_ASSET_PATHS = "\"card game/Preview Content\"";
				DEVELOPMENT_TEAM = J57LR5C228;
				ENABLE_HARDENED_RUNTIME = YES;
				ENABLE_PREVIEWS = YES;
				GENERATE_INFOPLIST_FILE = YES;
				"INFOPLIST_KEY_UIApplicationSceneManifest_Generation[sdk=iphoneos*]" = YES;
				"INFOPLIST_KEY_UIApplicationSceneManifest_Generation[sdk=iphonesimulator*]" = YES;
				"INFOPLIST_KEY_UIApplicationSupportsIndirectInputEvents[sdk=iphoneos*]" = YES;
				"INFOPLIST_KEY_UIApplicationSupportsIndirectInputEvents[sdk=iphonesimulator*]" = YES;
				"INFOPLIST_KEY_UILaunchScreen_Generation[sdk=iphoneos*]" = YES;
				"INFOPLIST_KEY_UILaunchScreen_Generation[sdk=iphonesimulator*]" = YES;
				"INFOPLIST_KEY_UIStatusBarStyle[sdk=iphoneos*]" = UIStatusBarStyleDefault;
				"INFOPLIST_KEY_UIStatusBarStyle[sdk=iphonesimulator*]" = UIStatusBarStyleDefault;
				INFOPLIST_KEY_UISupportedInterfaceOrientations_iPad = "UIInterfaceOrientationPortrait UIInterfaceOrientationPortraitUpsideDown UIInterfaceOrientationLandscapeLeft UIInterfaceOrientationLandscapeRight";
				INFOPLIST_KEY_UISupportedInterfaceOrientations_iPhone = "UIInterfaceOrientationPortrait UIInterfaceOrientationLandscapeLeft UIInterfaceOrientationLandscapeRight";
				IPHONEOS_DEPLOYMENT_TARGET = 17.0;
				LD_RUNPATH_SEARCH_PATHS = "@executable_path/Frameworks";
				"LD_RUNPATH_SEARCH_PATHS[sdk=macosx*]" = "@executable_path/../Frameworks";
				MACOSX_DEPLOYMENT_TARGET = 14.2;
				MARKETING_VERSION = 1.0;
				PRODUCT_BUNDLE_IDENTIFIER = "all.card.app.card-game";
				PRODUCT_NAME = "$(TARGET_NAME)";
				SDKROOT = auto;
				SUPPORTED_PLATFORMS = "iphoneos iphonesimulator macosx";
				SWIFT_EMIT_LOC_STRINGS = YES;
				SWIFT_VERSION = 5.0;
				TARGETED_DEVICE_FAMILY = "1,2";
			};
			name = Debug;
		};
		3AD288EF2BB8728100744832 /* Release */ = {
			isa = XCBuildConfiguration;
			buildSettings = {
				ASSETCATALOG_COMPILER_APPICON_NAME = AppIcon;
				ASSETCATALOG_COMPILER_GLOBAL_ACCENT_COLOR_NAME = AccentColor;
				CODE_SIGN_ENTITLEMENTS = "card game/card_game.entitlements";
				"CODE_SIGN_IDENTITY[sdk=macosx*]" = "-";
				CODE_SIGN_STYLE = Automatic;
				CURRENT_PROJECT_VERSION = 1;
				DEVELOPMENT_ASSET_PATHS = "\"card game/Preview Content\"";
				DEVELOPMENT_TEAM = J57LR5C228;
				ENABLE_HARDENED_RUNTIME = YES;
				ENABLE_PREVIEWS = YES;
				GENERATE_INFOPLIST_FILE = YES;
				"INFOPLIST_KEY_UIApplicationSceneManifest_Generation[sdk=iphoneos*]" = YES;
				"INFOPLIST_KEY_UIApplicationSceneManifest_Generation[sdk=iphonesimulator*]" = YES;
				"INFOPLIST_KEY_UIApplicationSupportsIndirectInputEvents[sdk=iphoneos*]" = YES;
				"INFOPLIST_KEY_UIApplicationSupportsIndirectInputEvents[sdk=iphonesimulator*]" = YES;
				"INFOPLIST_KEY_UILaunchScreen_Generation[sdk=iphoneos*]" = YES;
				"INFOPLIST_KEY_UILaunchScreen_Generation[sdk=iphonesimulator*]" = YES;
				"INFOPLIST_KEY_UIStatusBarStyle[sdk=iphoneos*]" = UIStatusBarStyleDefault;
				"INFOPLIST_KEY_UIStatusBarStyle[sdk=iphonesimulator*]" = UIStatusBarStyleDefault;
				INFOPLIST_KEY_UISupportedInterfaceOrientations_iPad = "UIInterfaceOrientationPortrait UIInterfaceOrientationPortraitUpsideDown UIInterfaceOrientationLandscapeLeft UIInterfaceOrientationLandscapeRight";
				INFOPLIST_KEY_UISupportedInterfaceOrientations_iPhone = "UIInterfaceOrientationPortrait UIInterfaceOrientationLandscapeLeft UIInterfaceOrientationLandscapeRight";
				IPHONEOS_DEPLOYMENT_TARGET = 17.0;
				LD_RUNPATH_SEARCH_PATHS = "@executable_path/Frameworks";
				"LD_RUNPATH_SEARCH_PATHS[sdk=macosx*]" = "@executable_path/../Frameworks";
				MACOSX_DEPLOYMENT_TARGET = 14.2;
				MARKETING_VERSION = 1.0;
				PRODUCT_BUNDLE_IDENTIFIER = "all.card.app.card-game";
				PRODUCT_NAME = "$(TARGET_NAME)";
				SDKROOT = auto;
				SUPPORTED_PLATFORMS = "iphoneos iphonesimulator macosx";
				SWIFT_EMIT_LOC_STRINGS = YES;
				SWIFT_VERSION = 5.0;
				TARGETED_DEVICE_FAMILY = "1,2";
			};
			name = Release;
		};
/* End XCBuildConfiguration section */

/* Begin XCConfigurationList section */
		3AD288D92BB8727F00744832 /* Build configuration list for PBXProject "card game" */ = {
			isa = XCConfigurationList;
			buildConfigurations = (
				3AD288EB2BB8728100744832 /* Debug */,
				3AD288EC2BB8728100744832 /* Release */,
			);
			defaultConfigurationIsVisible = 0;
			defaultConfigurationName = Release;
		};
		3AD288ED2BB8728100744832 /* Build configuration list for PBXNativeTarget "card game" */ = {
			isa = XCConfigurationList;
			buildConfigurations = (
				3AD288EE2BB8728100744832 /* Debug */,
				3AD288EF2BB8728100744832 /* Release */,
			);
			defaultConfigurationIsVisible = 0;
			defaultConfigurationName = Release;
		};
/* End XCConfigurationList section */
	};
	rootObject = 3AD288D62BB8727F00744832 /* Project object */;
}
